
Microsoft Visual Studio Solution File, Format Version 12.00
# Visual Studio Version 16
VisualStudioVersion = 16.0.32602.291
MinimumVisualStudioVersion = 10.0.40219.1
Project("{FAE04EC0-301F-11D3-BF4B-00C04F79EFBC}") = "BlishDailies", "BlishDailies.csproj", "{DDA5B3D9-586B-425F-9850-55CDBA96E58E}"
EndProject
Global
	GlobalSection(SolutionConfigurationPlatforms) = preSolution
		Debug|x64 = Debug|x64
		Release|x64 = Release|x64
	EndGlobalSection
	GlobalSection(ProjectConfigurationPlatforms) = postSolution
		{DDA5B3D9-586B-425F-9850-55CDBA96E58E}.Debug|x64.ActiveCfg = Debug|x64
		{DDA5B3D9-586B-425F-9850-55CDBA96E58E}.Debug|x64.Build.0 = Debug|x64
		{DDA5B3D9-586B-425F-9850-55CDBA96E58E}.Release|x64.ActiveCfg = Release|x64
		{DDA5B3D9-586B-425F-9850-55CDBA96E58E}.Release|x64.Build.0 = Release|x64
	EndGlobalSection
	GlobalSection(SolutionProperties) = preSolution
		HideSolutionNode = FALSE
	EndGlobalSection
	GlobalSection(ExtensibilityGlobals) = postSolution
		SolutionGuid = {77F86816-D03D-422F-9D1D-E13F7102DF12}
	EndGlobalSection
EndGlobal
